// !$*UTF8*$!
{
	archiveVersion = 1;
	classes = {
	};
	objectVersion = 55;
	objects = {

/* Begin PBXBuildFile section */
		4F0F571C281BCD30006B6F04 /* SplashViewController.swift in Sources */ = {isa = PBXBuildFile; fileRef = 4F0F571B281BCD30006B6F04 /* SplashViewController.swift */; };
		4F0F571E281BCD40006B6F04 /* AddViewController.swift in Sources */ = {isa = PBXBuildFile; fileRef = 4F0F571D281BCD40006B6F04 /* AddViewController.swift */; };
		4F0F5720281BCD4C006B6F04 /* DetailViewController.swift in Sources */ = {isa = PBXBuildFile; fileRef = 4F0F571F281BCD4C006B6F04 /* DetailViewController.swift */; };
		4F0F5722281BCD57006B6F04 /* MainViewController.swift in Sources */ = {isa = PBXBuildFile; fileRef = 4F0F5721281BCD57006B6F04 /* MainViewController.swift */; };
		4FAB7BEA281BBD0000864EC2 /* AppDelegate.swift in Sources */ = {isa = PBXBuildFile; fileRef = 4FAB7BE9281BBD0000864EC2 /* AppDelegate.swift */; };
		4FAB7BEC281BBD0000864EC2 /* SceneDelegate.swift in Sources */ = {isa = PBXBuildFile; fileRef = 4FAB7BEB281BBD0000864EC2 /* SceneDelegate.swift */; };
		4FAB7BEE281BBD0000864EC2 /* ViewController.swift in Sources */ = {isa = PBXBuildFile; fileRef = 4FAB7BED281BBD0000864EC2 /* ViewController.swift */; };
		4FAB7BF3281BBD0100864EC2 /* Assets.xcassets in Resources */ = {isa = PBXBuildFile; fileRef = 4FAB7BF2281BBD0100864EC2 /* Assets.xcassets */; };
		4FAB7BF6281BBD0100864EC2 /* LaunchScreen.storyboard in Resources */ = {isa = PBXBuildFile; fileRef = 4FAB7BF4281BBD0100864EC2 /* LaunchScreen.storyboard */; };
		4FCA063D281C108E00B8ED9D /* Badge.swift in Sources */ = {isa = PBXBuildFile; fileRef = 4FCA063C281C108E00B8ED9D /* Badge.swift */; };
		4FCA0643281C34E200B8ED9D /* AddCollectionViewCell.swift in Sources */ = {isa = PBXBuildFile; fileRef = 4FCA0642281C34E200B8ED9D /* AddCollectionViewCell.swift */; };
		4FCA064F281C494B00B8ED9D /* QRScannerView.swift in Sources */ = {isa = PBXBuildFile; fileRef = 4FCA064D281C494B00B8ED9D /* QRScannerView.swift */; };
		4FCA0650281C494B00B8ED9D /* QRScannerViewController.swift in Sources */ = {isa = PBXBuildFile; fileRef = 4FCA064E281C494B00B8ED9D /* QRScannerViewController.swift */; };
		4FCA0652281C51B900B8ED9D /* QRCodeView.swift in Sources */ = {isa = PBXBuildFile; fileRef = 4FCA0651281C51B900B8ED9D /* QRCodeView.swift */; };
		4FCA0654281C51C700B8ED9D /* QRCodeViewController.swift in Sources */ = {isa = PBXBuildFile; fileRef = 4FCA0653281C51C700B8ED9D /* QRCodeViewController.swift */; };
		70DA4FC5281C364700D06419 /* AssessmentViewController.swift in Sources */ = {isa = PBXBuildFile; fileRef = 70DA4FC4281C364700D06419 /* AssessmentViewController.swift */; };
		70DA4FC8281C3BED00D06419 /* AssessmentCollectionViewCell.swift in Sources */ = {isa = PBXBuildFile; fileRef = 70DA4FC7281C3BEC00D06419 /* AssessmentCollectionViewCell.swift */; };
		70FA5D1A281BEA6600EEC2B7 /* DetailTableViewCell.swift in Sources */ = {isa = PBXBuildFile; fileRef = 70FA5D19281BEA6600EEC2B7 /* DetailTableViewCell.swift */; };
		824F2B28A0BC52D172607E9B /* Pods_PathHack.framework in Frameworks */ = {isa = PBXBuildFile; fileRef = 3DFB3004B7B15228C18901CF /* Pods_PathHack.framework */; };
		CF224140281BDC3400C77CC7 /* UIView+Extensions.swift in Sources */ = {isa = PBXBuildFile; fileRef = CF22413F281BDC3400C77CC7 /* UIView+Extensions.swift */; };
		CF224147281BF0C400C77CC7 /* BadgeCircleCell.swift in Sources */ = {isa = PBXBuildFile; fileRef = CF224146281BF0C400C77CC7 /* BadgeCircleCell.swift */; };
		CF224149281BF66100C77CC7 /* UIColor+Extensions.swift in Sources */ = {isa = PBXBuildFile; fileRef = CF224148281BF66100C77CC7 /* UIColor+Extensions.swift */; };
		CF22414B281BF85E00C77CC7 /* RecentBadgeCell.swift in Sources */ = {isa = PBXBuildFile; fileRef = CF22414A281BF85E00C77CC7 /* RecentBadgeCell.swift */; };
		CF423304281C17E80088A33B /* UIFont+Extensions.swift in Sources */ = {isa = PBXBuildFile; fileRef = CF423303281C17E80088A33B /* UIFont+Extensions.swift */; };
		CF423308281C1AEE0088A33B /* NotoSansCJKkr-Bold.otf in Resources */ = {isa = PBXBuildFile; fileRef = CF423305281C1AED0088A33B /* NotoSansCJKkr-Bold.otf */; };
		CF423309281C1AEE0088A33B /* NotoSansCJKkr-Regular.otf in Resources */ = {isa = PBXBuildFile; fileRef = CF423306281C1AEE0088A33B /* NotoSansCJKkr-Regular.otf */; };
		CF42330A281C1AEE0088A33B /* NotoSansCJKkr-Medium.otf in Resources */ = {isa = PBXBuildFile; fileRef = CF423307281C1AEE0088A33B /* NotoSansCJKkr-Medium.otf */; };
		CF4FA44F281C21EA00F9EA3E /* UIApplication+Extensions.swift in Sources */ = {isa = PBXBuildFile; fileRef = CF4FA44E281C21EA00F9EA3E /* UIApplication+Extensions.swift */; };
		CF4FA452281C37EE00F9EA3E /* UICollectionView+Extensions.swift in Sources */ = {isa = PBXBuildFile; fileRef = CF4FA451281C37EE00F9EA3E /* UICollectionView+Extensions.swift */; };
		CF4FA454281C3C7F00F9EA3E /* Record.swift in Sources */ = {isa = PBXBuildFile; fileRef = CF4FA453281C3C7F00F9EA3E /* Record.swift */; };
		CF4FA456281C421600F9EA3E /* Date+Extensions.swift in Sources */ = {isa = PBXBuildFile; fileRef = CF4FA455281C421600F9EA3E /* Date+Extensions.swift */; };
		CF4FA459281C4D5F00F9EA3E /* CertificationViewController.swift in Sources */ = {isa = PBXBuildFile; fileRef = CF4FA458281C4D5F00F9EA3E /* CertificationViewController.swift */; };
		CF4FA45E281C5BB600F9EA3E /* PDFViewer.swift in Sources */ = {isa = PBXBuildFile; fileRef = CF4FA45D281C5BB600F9EA3E /* PDFViewer.swift */; };
		CF4FA460281C642A00F9EA3E /* TalentCell.swift in Sources */ = {isa = PBXBuildFile; fileRef = CF4FA45F281C642A00F9EA3E /* TalentCell.swift */; };
/* End PBXBuildFile section */

/* Begin PBXFileReference section */
		30AFFF3FA6724C8BC9F6A478 /* Pods-PathHack.release.xcconfig */ = {isa = PBXFileReference; includeInIndex = 1; lastKnownFileType = text.xcconfig; name = "Pods-PathHack.release.xcconfig"; path = "Target Support Files/Pods-PathHack/Pods-PathHack.release.xcconfig"; sourceTree = "<group>"; };
		3DFB3004B7B15228C18901CF /* Pods_PathHack.framework */ = {isa = PBXFileReference; explicitFileType = wrapper.framework; includeInIndex = 0; path = Pods_PathHack.framework; sourceTree = BUILT_PRODUCTS_DIR; };
		4F0F571B281BCD30006B6F04 /* SplashViewController.swift */ = {isa = PBXFileReference; lastKnownFileType = sourcecode.swift; path = SplashViewController.swift; sourceTree = "<group>"; };
		4F0F571D281BCD40006B6F04 /* AddViewController.swift */ = {isa = PBXFileReference; lastKnownFileType = sourcecode.swift; path = AddViewController.swift; sourceTree = "<group>"; };
		4F0F571F281BCD4C006B6F04 /* DetailViewController.swift */ = {isa = PBXFileReference; lastKnownFileType = sourcecode.swift; path = DetailViewController.swift; sourceTree = "<group>"; };
		4F0F5721281BCD57006B6F04 /* MainViewController.swift */ = {isa = PBXFileReference; lastKnownFileType = sourcecode.swift; path = MainViewController.swift; sourceTree = "<group>"; };
		4FAB7BE6281BBD0000864EC2 /* PathHack.app */ = {isa = PBXFileReference; explicitFileType = wrapper.application; includeInIndex = 0; path = PathHack.app; sourceTree = BUILT_PRODUCTS_DIR; };
		4FAB7BE9281BBD0000864EC2 /* AppDelegate.swift */ = {isa = PBXFileReference; lastKnownFileType = sourcecode.swift; path = AppDelegate.swift; sourceTree = "<group>"; };
		4FAB7BEB281BBD0000864EC2 /* SceneDelegate.swift */ = {isa = PBXFileReference; lastKnownFileType = sourcecode.swift; path = SceneDelegate.swift; sourceTree = "<group>"; };
		4FAB7BED281BBD0000864EC2 /* ViewController.swift */ = {isa = PBXFileReference; lastKnownFileType = sourcecode.swift; path = ViewController.swift; sourceTree = "<group>"; };
		4FAB7BF2281BBD0100864EC2 /* Assets.xcassets */ = {isa = PBXFileReference; lastKnownFileType = folder.assetcatalog; path = Assets.xcassets; sourceTree = "<group>"; };
		4FAB7BF5281BBD0100864EC2 /* Base */ = {isa = PBXFileReference; lastKnownFileType = file.storyboard; name = Base; path = Base.lproj/LaunchScreen.storyboard; sourceTree = "<group>"; };
		4FAB7BF7281BBD0100864EC2 /* Info.plist */ = {isa = PBXFileReference; lastKnownFileType = text.plist.xml; path = Info.plist; sourceTree = "<group>"; };
		4FCA063C281C108E00B8ED9D /* Badge.swift */ = {isa = PBXFileReference; lastKnownFileType = sourcecode.swift; path = Badge.swift; sourceTree = "<group>"; };
		4FCA0642281C34E200B8ED9D /* AddCollectionViewCell.swift */ = {isa = PBXFileReference; fileEncoding = 4; lastKnownFileType = sourcecode.swift; path = AddCollectionViewCell.swift; sourceTree = "<group>"; };
		4FCA064D281C494B00B8ED9D /* QRScannerView.swift */ = {isa = PBXFileReference; fileEncoding = 4; lastKnownFileType = sourcecode.swift; path = QRScannerView.swift; sourceTree = "<group>"; };
		4FCA064E281C494B00B8ED9D /* QRScannerViewController.swift */ = {isa = PBXFileReference; fileEncoding = 4; lastKnownFileType = sourcecode.swift; path = QRScannerViewController.swift; sourceTree = "<group>"; };
		4FCA0651281C51B900B8ED9D /* QRCodeView.swift */ = {isa = PBXFileReference; lastKnownFileType = sourcecode.swift; path = QRCodeView.swift; sourceTree = "<group>"; };
		4FCA0653281C51C700B8ED9D /* QRCodeViewController.swift */ = {isa = PBXFileReference; lastKnownFileType = sourcecode.swift; path = QRCodeViewController.swift; sourceTree = "<group>"; };
		70DA4FC4281C364700D06419 /* AssessmentViewController.swift */ = {isa = PBXFileReference; lastKnownFileType = sourcecode.swift; path = AssessmentViewController.swift; sourceTree = "<group>"; };
		70DA4FC7281C3BEC00D06419 /* AssessmentCollectionViewCell.swift */ = {isa = PBXFileReference; lastKnownFileType = sourcecode.swift; path = AssessmentCollectionViewCell.swift; sourceTree = "<group>"; };
		70FA5D19281BEA6600EEC2B7 /* DetailTableViewCell.swift */ = {isa = PBXFileReference; lastKnownFileType = sourcecode.swift; path = DetailTableViewCell.swift; sourceTree = "<group>"; };
		CF22413F281BDC3400C77CC7 /* UIView+Extensions.swift */ = {isa = PBXFileReference; lastKnownFileType = sourcecode.swift; path = "UIView+Extensions.swift"; sourceTree = "<group>"; };
		CF224146281BF0C400C77CC7 /* BadgeCircleCell.swift */ = {isa = PBXFileReference; lastKnownFileType = sourcecode.swift; path = BadgeCircleCell.swift; sourceTree = "<group>"; };
		CF224148281BF66100C77CC7 /* UIColor+Extensions.swift */ = {isa = PBXFileReference; lastKnownFileType = sourcecode.swift; path = "UIColor+Extensions.swift"; sourceTree = "<group>"; };
		CF22414A281BF85E00C77CC7 /* RecentBadgeCell.swift */ = {isa = PBXFileReference; lastKnownFileType = sourcecode.swift; path = RecentBadgeCell.swift; sourceTree = "<group>"; };
		CF423303281C17E80088A33B /* UIFont+Extensions.swift */ = {isa = PBXFileReference; lastKnownFileType = sourcecode.swift; path = "UIFont+Extensions.swift"; sourceTree = "<group>"; };
		CF423305281C1AED0088A33B /* NotoSansCJKkr-Bold.otf */ = {isa = PBXFileReference; lastKnownFileType = file; path = "NotoSansCJKkr-Bold.otf"; sourceTree = "<group>"; };
		CF423306281C1AEE0088A33B /* NotoSansCJKkr-Regular.otf */ = {isa = PBXFileReference; lastKnownFileType = file; path = "NotoSansCJKkr-Regular.otf"; sourceTree = "<group>"; };
		CF423307281C1AEE0088A33B /* NotoSansCJKkr-Medium.otf */ = {isa = PBXFileReference; lastKnownFileType = file; path = "NotoSansCJKkr-Medium.otf"; sourceTree = "<group>"; };
		CF4FA44E281C21EA00F9EA3E /* UIApplication+Extensions.swift */ = {isa = PBXFileReference; lastKnownFileType = sourcecode.swift; path = "UIApplication+Extensions.swift"; sourceTree = "<group>"; };
		CF4FA451281C37EE00F9EA3E /* UICollectionView+Extensions.swift */ = {isa = PBXFileReference; lastKnownFileType = sourcecode.swift; path = "UICollectionView+Extensions.swift"; sourceTree = "<group>"; };
		CF4FA453281C3C7F00F9EA3E /* Record.swift */ = {isa = PBXFileReference; lastKnownFileType = sourcecode.swift; path = Record.swift; sourceTree = "<group>"; };
		CF4FA455281C421600F9EA3E /* Date+Extensions.swift */ = {isa = PBXFileReference; lastKnownFileType = sourcecode.swift; path = "Date+Extensions.swift"; sourceTree = "<group>"; };
		CF4FA458281C4D5F00F9EA3E /* CertificationViewController.swift */ = {isa = PBXFileReference; lastKnownFileType = sourcecode.swift; path = CertificationViewController.swift; sourceTree = "<group>"; };
		CF4FA45D281C5BB600F9EA3E /* PDFViewer.swift */ = {isa = PBXFileReference; lastKnownFileType = sourcecode.swift; path = PDFViewer.swift; sourceTree = "<group>"; };
		CF4FA45F281C642A00F9EA3E /* TalentCell.swift */ = {isa = PBXFileReference; lastKnownFileType = sourcecode.swift; path = TalentCell.swift; sourceTree = "<group>"; };
		E632C76383A611C5306A6770 /* Pods-PathHack.debug.xcconfig */ = {isa = PBXFileReference; includeInIndex = 1; lastKnownFileType = text.xcconfig; name = "Pods-PathHack.debug.xcconfig"; path = "Target Support Files/Pods-PathHack/Pods-PathHack.debug.xcconfig"; sourceTree = "<group>"; };
/* End PBXFileReference section */

/* Begin PBXFrameworksBuildPhase section */
		4FAB7BE3281BBD0000864EC2 /* Frameworks */ = {
			isa = PBXFrameworksBuildPhase;
			buildActionMask = 2147483647;
			files = (
				824F2B28A0BC52D172607E9B /* Pods_PathHack.framework in Frameworks */,
			);
			runOnlyForDeploymentPostprocessing = 0;
		};
/* End PBXFrameworksBuildPhase section */

/* Begin PBXGroup section */
		38979F7EF5530271D958078B /* Pods */ = {
			isa = PBXGroup;
			children = (
				E632C76383A611C5306A6770 /* Pods-PathHack.debug.xcconfig */,
				30AFFF3FA6724C8BC9F6A478 /* Pods-PathHack.release.xcconfig */,
			);
			path = Pods;
			sourceTree = "<group>";
		};
		4894FBA9F42EFB582591C23F /* Frameworks */ = {
			isa = PBXGroup;
			children = (
				3DFB3004B7B15228C18901CF /* Pods_PathHack.framework */,
			);
			name = Frameworks;
			sourceTree = "<group>";
		};
		4F0F5714281BCC68006B6F04 /* Splash */ = {
			isa = PBXGroup;
			children = (
				4F0F571B281BCD30006B6F04 /* SplashViewController.swift */,
			);
			path = Splash;
			sourceTree = "<group>";
		};
		4F0F5715281BCC7B006B6F04 /* Add */ = {
			isa = PBXGroup;
			children = (
				4F0F571D281BCD40006B6F04 /* AddViewController.swift */,
				4FCA0642281C34E200B8ED9D /* AddCollectionViewCell.swift */,
				70DA4FC4281C364700D06419 /* AssessmentViewController.swift */,
				70DA4FC7281C3BEC00D06419 /* AssessmentCollectionViewCell.swift */,
			);
			path = Add;
			sourceTree = "<group>";
		};
		4F0F5716281BCC81006B6F04 /* Main */ = {
			isa = PBXGroup;
			children = (
				4F0F5721281BCD57006B6F04 /* MainViewController.swift */,
				CF224146281BF0C400C77CC7 /* BadgeCircleCell.swift */,
				CF22414A281BF85E00C77CC7 /* RecentBadgeCell.swift */,
				CF4FA45F281C642A00F9EA3E /* TalentCell.swift */,
			);
			path = Main;
			sourceTree = "<group>";
		};
		4F0F5717281BCC90006B6F04 /* Detail */ = {
			isa = PBXGroup;
			children = (
				70FA5D18281BEA3500EEC2B7 /* Cell */,
				4F0F571F281BCD4C006B6F04 /* DetailViewController.swift */,
			);
			path = Detail;
			sourceTree = "<group>";
		};
		4F0F571A281BCCEB006B6F04 /* Support */ = {
			isa = PBXGroup;
			children = (
				4FAB7BF7281BBD0100864EC2 /* Info.plist */,
				4FAB7BF2281BBD0100864EC2 /* Assets.xcassets */,
				4FAB7BF4281BBD0100864EC2 /* LaunchScreen.storyboard */,
			);
			path = Support;
			sourceTree = "<group>";
		};
		4FAB7BDD281BBD0000864EC2 = {
			isa = PBXGroup;
			children = (
				4FAB7BE8281BBD0000864EC2 /* PathHack */,
				4FAB7BE7281BBD0000864EC2 /* Products */,
				38979F7EF5530271D958078B /* Pods */,
				4894FBA9F42EFB582591C23F /* Frameworks */,
			);
			sourceTree = "<group>";
		};
		4FAB7BE7281BBD0000864EC2 /* Products */ = {
			isa = PBXGroup;
			children = (
				4FAB7BE6281BBD0000864EC2 /* PathHack.app */,
			);
			name = Products;
			sourceTree = "<group>";
		};
		4FAB7BE8281BBD0000864EC2 /* PathHack */ = {
			isa = PBXGroup;
			children = (
				4FAB7BE9281BBD0000864EC2 /* AppDelegate.swift */,
				4FAB7BEB281BBD0000864EC2 /* SceneDelegate.swift */,
				4FAB7BED281BBD0000864EC2 /* ViewController.swift */,
				CF4FA45C281C5B9F00F9EA3E /* PDF */,
				4FCA064C281C492B00B8ED9D /* QR */,
				4F0F5714281BCC68006B6F04 /* Splash */,
				4F0F5715281BCC7B006B6F04 /* Add */,
				4F0F5717281BCC90006B6F04 /* Detail */,
				CF4FA457281C4D4700F9EA3E /* Certification */,
				4F0F5716281BCC81006B6F04 /* Main */,
				4FCA063B281C107D00B8ED9D /* Models */,
				CF22413E281BDBEE00C77CC7 /* Extensions */,
				CF4232FF281C17B30088A33B /* Font */,
				4F0F571A281BCCEB006B6F04 /* Support */,
			);
			path = PathHack;
			sourceTree = "<group>";
		};
		4FCA063B281C107D00B8ED9D /* Models */ = {
			isa = PBXGroup;
			children = (
				4FCA063C281C108E00B8ED9D /* Badge.swift */,
				CF4FA453281C3C7F00F9EA3E /* Record.swift */,
			);
			path = Models;
			sourceTree = "<group>";
		};
		4FCA064C281C492B00B8ED9D /* QR */ = {
			isa = PBXGroup;
			children = (
				4FCA064D281C494B00B8ED9D /* QRScannerView.swift */,
				4FCA064E281C494B00B8ED9D /* QRScannerViewController.swift */,
				4FCA0651281C51B900B8ED9D /* QRCodeView.swift */,
				4FCA0653281C51C700B8ED9D /* QRCodeViewController.swift */,
			);
			path = QR;
			sourceTree = "<group>";
		};
		70FA5D18281BEA3500EEC2B7 /* Cell */ = {
			isa = PBXGroup;
			children = (
				70FA5D19281BEA6600EEC2B7 /* DetailTableViewCell.swift */,
			);
			name = Cell;
			sourceTree = "<group>";
		};
		CF22413E281BDBEE00C77CC7 /* Extensions */ = {
			isa = PBXGroup;
			children = (
				CF4FA455281C421600F9EA3E /* Date+Extensions.swift */,
				CF22413F281BDC3400C77CC7 /* UIView+Extensions.swift */,
				CF224148281BF66100C77CC7 /* UIColor+Extensions.swift */,
				CF423303281C17E80088A33B /* UIFont+Extensions.swift */,
				CF4FA44E281C21EA00F9EA3E /* UIApplication+Extensions.swift */,
				CF4FA451281C37EE00F9EA3E /* UICollectionView+Extensions.swift */,
			);
			path = Extensions;
			sourceTree = "<group>";
		};
		CF4232FF281C17B30088A33B /* Font */ = {
			isa = PBXGroup;
			children = (
				CF423305281C1AED0088A33B /* NotoSansCJKkr-Bold.otf */,
				CF423307281C1AEE0088A33B /* NotoSansCJKkr-Medium.otf */,
				CF423306281C1AEE0088A33B /* NotoSansCJKkr-Regular.otf */,
			);
			path = Font;
			sourceTree = "<group>";
		};
		CF4FA457281C4D4700F9EA3E /* Certification */ = {
			isa = PBXGroup;
			children = (
				CF4FA458281C4D5F00F9EA3E /* CertificationViewController.swift */,
			);
			path = Certification;
			sourceTree = "<group>";
		};
		CF4FA45C281C5B9F00F9EA3E /* PDF */ = {
			isa = PBXGroup;
			children = (
				CF4FA45D281C5BB600F9EA3E /* PDFViewer.swift */,
			);
			path = PDF;
			sourceTree = "<group>";
		};
/* End PBXGroup section */

/* Begin PBXNativeTarget section */
		4FAB7BE5281BBD0000864EC2 /* PathHack */ = {
			isa = PBXNativeTarget;
			buildConfigurationList = 4FAB7BFA281BBD0100864EC2 /* Build configuration list for PBXNativeTarget "PathHack" */;
			buildPhases = (
				B1A69714D74C0FBAD930AECA /* [CP] Check Pods Manifest.lock */,
				4FAB7BE2281BBD0000864EC2 /* Sources */,
				4FAB7BE3281BBD0000864EC2 /* Frameworks */,
				4FAB7BE4281BBD0000864EC2 /* Resources */,
				76F21A16BB1BBF35CE18CD5E /* [CP] Embed Pods Frameworks */,
			);
			buildRules = (
			);
			dependencies = (
			);
			name = PathHack;
			productName = PathHack;
			productReference = 4FAB7BE6281BBD0000864EC2 /* PathHack.app */;
			productType = "com.apple.product-type.application";
		};
/* End PBXNativeTarget section */

/* Begin PBXProject section */
		4FAB7BDE281BBD0000864EC2 /* Project object */ = {
			isa = PBXProject;
			attributes = {
				BuildIndependentTargetsInParallel = 1;
				LastSwiftUpdateCheck = 1330;
				LastUpgradeCheck = 1330;
				TargetAttributes = {
					4FAB7BE5281BBD0000864EC2 = {
						CreatedOnToolsVersion = 13.3.1;
					};
				};
			};
			buildConfigurationList = 4FAB7BE1281BBD0000864EC2 /* Build configuration list for PBXProject "PathHack" */;
			compatibilityVersion = "Xcode 13.0";
			developmentRegion = en;
			hasScannedForEncodings = 0;
			knownRegions = (
				en,
				Base,
			);
			mainGroup = 4FAB7BDD281BBD0000864EC2;
			productRefGroup = 4FAB7BE7281BBD0000864EC2 /* Products */;
			projectDirPath = "";
			projectRoot = "";
			targets = (
				4FAB7BE5281BBD0000864EC2 /* PathHack */,
			);
		};
/* End PBXProject section */

/* Begin PBXResourcesBuildPhase section */
		4FAB7BE4281BBD0000864EC2 /* Resources */ = {
			isa = PBXResourcesBuildPhase;
			buildActionMask = 2147483647;
			files = (
				4FAB7BF6281BBD0100864EC2 /* LaunchScreen.storyboard in Resources */,
				CF423309281C1AEE0088A33B /* NotoSansCJKkr-Regular.otf in Resources */,
				4FAB7BF3281BBD0100864EC2 /* Assets.xcassets in Resources */,
				CF423308281C1AEE0088A33B /* NotoSansCJKkr-Bold.otf in Resources */,
				CF42330A281C1AEE0088A33B /* NotoSansCJKkr-Medium.otf in Resources */,
			);
			runOnlyForDeploymentPostprocessing = 0;
		};
/* End PBXResourcesBuildPhase section */

/* Begin PBXShellScriptBuildPhase section */
		76F21A16BB1BBF35CE18CD5E /* [CP] Embed Pods Frameworks */ = {
			isa = PBXShellScriptBuildPhase;
			buildActionMask = 2147483647;
			files = (
			);
			inputFileListPaths = (
				"${PODS_ROOT}/Target Support Files/Pods-PathHack/Pods-PathHack-frameworks-${CONFIGURATION}-input-files.xcfilelist",
			);
			name = "[CP] Embed Pods Frameworks";
			outputFileListPaths = (
				"${PODS_ROOT}/Target Support Files/Pods-PathHack/Pods-PathHack-frameworks-${CONFIGURATION}-output-files.xcfilelist",
			);
			runOnlyForDeploymentPostprocessing = 0;
			shellPath = /bin/sh;
			shellScript = "\"${PODS_ROOT}/Target Support Files/Pods-PathHack/Pods-PathHack-frameworks.sh\"\n";
			showEnvVarsInLog = 0;
		};
		B1A69714D74C0FBAD930AECA /* [CP] Check Pods Manifest.lock */ = {
			isa = PBXShellScriptBuildPhase;
			buildActionMask = 2147483647;
			files = (
			);
			inputFileListPaths = (
			);
			inputPaths = (
				"${PODS_PODFILE_DIR_PATH}/Podfile.lock",
				"${PODS_ROOT}/Manifest.lock",
			);
			name = "[CP] Check Pods Manifest.lock";
			outputFileListPaths = (
			);
			outputPaths = (
				"$(DERIVED_FILE_DIR)/Pods-PathHack-checkManifestLockResult.txt",
			);
			runOnlyForDeploymentPostprocessing = 0;
			shellPath = /bin/sh;
			shellScript = "diff \"${PODS_PODFILE_DIR_PATH}/Podfile.lock\" \"${PODS_ROOT}/Manifest.lock\" > /dev/null\nif [ $? != 0 ] ; then\n    # print error to STDERR\n    echo \"error: The sandbox is not in sync with the Podfile.lock. Run 'pod install' or update your CocoaPods installation.\" >&2\n    exit 1\nfi\n# This output is used by Xcode 'outputs' to avoid re-running this script phase.\necho \"SUCCESS\" > \"${SCRIPT_OUTPUT_FILE_0}\"\n";
			showEnvVarsInLog = 0;
		};
/* End PBXShellScriptBuildPhase section */

/* Begin PBXSourcesBuildPhase section */
		4FAB7BE2281BBD0000864EC2 /* Sources */ = {
			isa = PBXSourcesBuildPhase;
			buildActionMask = 2147483647;
			files = (
				4FCA0650281C494B00B8ED9D /* QRScannerViewController.swift in Sources */,
				4F0F5722281BCD57006B6F04 /* MainViewController.swift in Sources */,
				CF4FA452281C37EE00F9EA3E /* UICollectionView+Extensions.swift in Sources */,
				CF4FA454281C3C7F00F9EA3E /* Record.swift in Sources */,
				4FCA0654281C51C700B8ED9D /* QRCodeViewController.swift in Sources */,
				4F0F571E281BCD40006B6F04 /* AddViewController.swift in Sources */,
				4FCA0652281C51B900B8ED9D /* QRCodeView.swift in Sources */,
				CF224147281BF0C400C77CC7 /* BadgeCircleCell.swift in Sources */,
				70FA5D1A281BEA6600EEC2B7 /* DetailTableViewCell.swift in Sources */,
				4FAB7BEE281BBD0000864EC2 /* ViewController.swift in Sources */,
				CF4FA459281C4D5F00F9EA3E /* CertificationViewController.swift in Sources */,
				CF4FA44F281C21EA00F9EA3E /* UIApplication+Extensions.swift in Sources */,
				70DA4FC8281C3BED00D06419 /* AssessmentCollectionViewCell.swift in Sources */,
				4FCA0643281C34E200B8ED9D /* AddCollectionViewCell.swift in Sources */,
				CF4FA456281C421600F9EA3E /* Date+Extensions.swift in Sources */,
				4FAB7BEA281BBD0000864EC2 /* AppDelegate.swift in Sources */,
				CF423304281C17E80088A33B /* UIFont+Extensions.swift in Sources */,
				4FCA063D281C108E00B8ED9D /* Badge.swift in Sources */,
				CF224149281BF66100C77CC7 /* UIColor+Extensions.swift in Sources */,
				4F0F5720281BCD4C006B6F04 /* DetailViewController.swift in Sources */,
				70DA4FC5281C364700D06419 /* AssessmentViewController.swift in Sources */,
				4FAB7BEC281BBD0000864EC2 /* SceneDelegate.swift in Sources */,
				4FCA064F281C494B00B8ED9D /* QRScannerView.swift in Sources */,
				CF224140281BDC3400C77CC7 /* UIView+Extensions.swift in Sources */,
				4F0F571C281BCD30006B6F04 /* SplashViewController.swift in Sources */,
				CF4FA45E281C5BB600F9EA3E /* PDFViewer.swift in Sources */,
				CF22414B281BF85E00C77CC7 /* RecentBadgeCell.swift in Sources */,
				CF4FA460281C642A00F9EA3E /* TalentCell.swift in Sources */,
			);
			runOnlyForDeploymentPostprocessing = 0;
		};
/* End PBXSourcesBuildPhase section */

/* Begin PBXVariantGroup section */
		4FAB7BF4281BBD0100864EC2 /* LaunchScreen.storyboard */ = {
			isa = PBXVariantGroup;
			children = (
				4FAB7BF5281BBD0100864EC2 /* Base */,
			);
			name = LaunchScreen.storyboard;
			sourceTree = "<group>";
		};
/* End PBXVariantGroup section */

/* Begin XCBuildConfiguration section */
		4FAB7BF8281BBD0100864EC2 /* Debug */ = {
			isa = XCBuildConfiguration;
			buildSettings = {
				ALWAYS_SEARCH_USER_PATHS = NO;
				CLANG_ANALYZER_NONNULL = YES;
				CLANG_ANALYZER_NUMBER_OBJECT_CONVERSION = YES_AGGRESSIVE;
				CLANG_CXX_LANGUAGE_STANDARD = "gnu++17";
				CLANG_ENABLE_MODULES = YES;
				CLANG_ENABLE_OBJC_ARC = YES;
				CLANG_ENABLE_OBJC_WEAK = YES;
				CLANG_WARN_BLOCK_CAPTURE_AUTORELEASING = YES;
				CLANG_WARN_BOOL_CONVERSION = YES;
				CLANG_WARN_COMMA = YES;
				CLANG_WARN_CONSTANT_CONVERSION = YES;
				CLANG_WARN_DEPRECATED_OBJC_IMPLEMENTATIONS = YES;
				CLANG_WARN_DIRECT_OBJC_ISA_USAGE = YES_ERROR;
				CLANG_WARN_DOCUMENTATION_COMMENTS = YES;
				CLANG_WARN_EMPTY_BODY = YES;
				CLANG_WARN_ENUM_CONVERSION = YES;
				CLANG_WARN_INFINITE_RECURSION = YES;
				CLANG_WARN_INT_CONVERSION = YES;
				CLANG_WARN_NON_LITERAL_NULL_CONVERSION = YES;
				CLANG_WARN_OBJC_IMPLICIT_RETAIN_SELF = YES;
				CLANG_WARN_OBJC_LITERAL_CONVERSION = YES;
				CLANG_WARN_OBJC_ROOT_CLASS = YES_ERROR;
				CLANG_WARN_QUOTED_INCLUDE_IN_FRAMEWORK_HEADER = YES;
				CLANG_WARN_RANGE_LOOP_ANALYSIS = YES;
				CLANG_WARN_STRICT_PROTOTYPES = YES;
				CLANG_WARN_SUSPICIOUS_MOVE = YES;
				CLANG_WARN_UNGUARDED_AVAILABILITY = YES_AGGRESSIVE;
				CLANG_WARN_UNREACHABLE_CODE = YES;
				CLANG_WARN__DUPLICATE_METHOD_MATCH = YES;
				COPY_PHASE_STRIP = NO;
				DEBUG_INFORMATION_FORMAT = dwarf;
				ENABLE_STRICT_OBJC_MSGSEND = YES;
				ENABLE_TESTABILITY = YES;
				GCC_C_LANGUAGE_STANDARD = gnu11;
				GCC_DYNAMIC_NO_PIC = NO;
				GCC_NO_COMMON_BLOCKS = YES;
				GCC_OPTIMIZATION_LEVEL = 0;
				GCC_PREPROCESSOR_DEFINITIONS = (
					"DEBUG=1",
					"$(inherited)",
				);
				GCC_WARN_64_TO_32_BIT_CONVERSION = YES;
				GCC_WARN_ABOUT_RETURN_TYPE = YES_ERROR;
				GCC_WARN_UNDECLARED_SELECTOR = YES;
				GCC_WARN_UNINITIALIZED_AUTOS = YES_AGGRESSIVE;
				GCC_WARN_UNUSED_FUNCTION = YES;
				GCC_WARN_UNUSED_VARIABLE = YES;
				IPHONEOS_DEPLOYMENT_TARGET = 15.4;
				MTL_ENABLE_DEBUG_INFO = INCLUDE_SOURCE;
				MTL_FAST_MATH = YES;
				ONLY_ACTIVE_ARCH = YES;
				SDKROOT = iphoneos;
				SWIFT_ACTIVE_COMPILATION_CONDITIONS = DEBUG;
				SWIFT_OPTIMIZATION_LEVEL = "-Onone";
			};
			name = Debug;
		};
		4FAB7BF9281BBD0100864EC2 /* Release */ = {
			isa = XCBuildConfiguration;
			buildSettings = {
				ALWAYS_SEARCH_USER_PATHS = NO;
				CLANG_ANALYZER_NONNULL = YES;
				CLANG_ANALYZER_NUMBER_OBJECT_CONVERSION = YES_AGGRESSIVE;
				CLANG_CXX_LANGUAGE_STANDARD = "gnu++17";
				CLANG_ENABLE_MODULES = YES;
				CLANG_ENABLE_OBJC_ARC = YES;
				CLANG_ENABLE_OBJC_WEAK = YES;
				CLANG_WARN_BLOCK_CAPTURE_AUTORELEASING = YES;
				CLANG_WARN_BOOL_CONVERSION = YES;
				CLANG_WARN_COMMA = YES;
				CLANG_WARN_CONSTANT_CONVERSION = YES;
				CLANG_WARN_DEPRECATED_OBJC_IMPLEMENTATIONS = YES;
				CLANG_WARN_DIRECT_OBJC_ISA_USAGE = YES_ERROR;
				CLANG_WARN_DOCUMENTATION_COMMENTS = YES;
				CLANG_WARN_EMPTY_BODY = YES;
				CLANG_WARN_ENUM_CONVERSION = YES;
				CLANG_WARN_INFINITE_RECURSION = YES;
				CLANG_WARN_INT_CONVERSION = YES;
				CLANG_WARN_NON_LITERAL_NULL_CONVERSION = YES;
				CLANG_WARN_OBJC_IMPLICIT_RETAIN_SELF = YES;
				CLANG_WARN_OBJC_LITERAL_CONVERSION = YES;
				CLANG_WARN_OBJC_ROOT_CLASS = YES_ERROR;
				CLANG_WARN_QUOTED_INCLUDE_IN_FRAMEWORK_HEADER = YES;
				CLANG_WARN_RANGE_LOOP_ANALYSIS = YES;
				CLANG_WARN_STRICT_PROTOTYPES = YES;
				CLANG_WARN_SUSPICIOUS_MOVE = YES;
				CLANG_WARN_UNGUARDED_AVAILABILITY = YES_AGGRESSIVE;
				CLANG_WARN_UNREACHABLE_CODE = YES;
				CLANG_WARN__DUPLICATE_METHOD_MATCH = YES;
				COPY_PHASE_STRIP = NO;
				DEBUG_INFORMATION_FORMAT = "dwarf-with-dsym";
				ENABLE_NS_ASSERTIONS = NO;
				ENABLE_STRICT_OBJC_MSGSEND = YES;
				GCC_C_LANGUAGE_STANDARD = gnu11;
				GCC_NO_COMMON_BLOCKS = YES;
				GCC_WARN_64_TO_32_BIT_CONVERSION = YES;
				GCC_WARN_ABOUT_RETURN_TYPE = YES_ERROR;
				GCC_WARN_UNDECLARED_SELECTOR = YES;
				GCC_WARN_UNINITIALIZED_AUTOS = YES_AGGRESSIVE;
				GCC_WARN_UNUSED_FUNCTION = YES;
				GCC_WARN_UNUSED_VARIABLE = YES;
				IPHONEOS_DEPLOYMENT_TARGET = 15.4;
				MTL_ENABLE_DEBUG_INFO = NO;
				MTL_FAST_MATH = YES;
				SDKROOT = iphoneos;
				SWIFT_COMPILATION_MODE = wholemodule;
				SWIFT_OPTIMIZATION_LEVEL = "-O";
				VALIDATE_PRODUCT = YES;
			};
			name = Release;
		};
		4FAB7BFB281BBD0100864EC2 /* Debug */ = {
			isa = XCBuildConfiguration;
			baseConfigurationReference = E632C76383A611C5306A6770 /* Pods-PathHack.debug.xcconfig */;
			buildSettings = {
				ASSETCATALOG_COMPILER_APPICON_NAME = AppIcon;
				ASSETCATALOG_COMPILER_GLOBAL_ACCENT_COLOR_NAME = AccentColor;
				CODE_SIGN_STYLE = Automatic;
				CURRENT_PROJECT_VERSION = 1;
				DEVELOPMENT_TEAM = KTUDJ7GBJC;
				GENERATE_INFOPLIST_FILE = YES;
				INFOPLIST_FILE = PathHack/Support/Info.plist;
				INFOPLIST_KEY_UIApplicationSupportsIndirectInputEvents = YES;
				INFOPLIST_KEY_UILaunchStoryboardName = LaunchScreen;
				INFOPLIST_KEY_UIRequiresFullScreen = YES;
				INFOPLIST_KEY_UISupportedInterfaceOrientations_iPad = "UIInterfaceOrientationPortrait UIInterfaceOrientationPortraitUpsideDown UIInterfaceOrientationLandscapeLeft UIInterfaceOrientationLandscapeRight";
				INFOPLIST_KEY_UISupportedInterfaceOrientations_iPhone = "UIInterfaceOrientationPortrait UIInterfaceOrientationLandscapeLeft UIInterfaceOrientationLandscapeRight";
				LD_RUNPATH_SEARCH_PATHS = (
					"$(inherited)",
					"@executable_path/Frameworks",
				);
				MARKETING_VERSION = 1.0;
				PRODUCT_BUNDLE_IDENTIFIER = com.QEDStudio.PathHack;
				PRODUCT_NAME = "$(TARGET_NAME)";
				SWIFT_EMIT_LOC_STRINGS = YES;
				SWIFT_VERSION = 5.0;
				TARGETED_DEVICE_FAMILY = "1,2";
			};
			name = Debug;
		};
		4FAB7BFC281BBD0100864EC2 /* Release */ = {
			isa = XCBuildConfiguration;
			baseConfigurationReference = 30AFFF3FA6724C8BC9F6A478 /* Pods-PathHack.release.xcconfig */;
			buildSettings = {
				ASSETCATALOG_COMPILER_APPICON_NAME = AppIcon;
				ASSETCATALOG_COMPILER_GLOBAL_ACCENT_COLOR_NAME = AccentColor;
				CODE_SIGN_STYLE = Automatic;
				CURRENT_PROJECT_VERSION = 1;
				DEVELOPMENT_TEAM = KTUDJ7GBJC;
				GENERATE_INFOPLIST_FILE = YES;
				INFOPLIST_FILE = PathHack/Support/Info.plist;
				INFOPLIST_KEY_UIApplicationSupportsIndirectInputEvents = YES;
				INFOPLIST_KEY_UILaunchStoryboardName = LaunchScreen;
				INFOPLIST_KEY_UIRequiresFullScreen = YES;
				INFOPLIST_KEY_UISupportedInterfaceOrientations_iPad = "UIInterfaceOrientationPortrait UIInterfaceOrientationPortraitUpsideDown UIInterfaceOrientationLandscapeLeft UIInterfaceOrientationLandscapeRight";
				INFOPLIST_KEY_UISupportedInterfaceOrientations_iPhone = "UIInterfaceOrientationPortrait UIInterfaceOrientationLandscapeLeft UIInterfaceOrientationLandscapeRight";
				LD_RUNPATH_SEARCH_PATHS = (
					"$(inherited)",
					"@executable_path/Frameworks",
				);
				MARKETING_VERSION = 1.0;
				PRODUCT_BUNDLE_IDENTIFIER = com.QEDStudio.PathHack;
				PRODUCT_NAME = "$(TARGET_NAME)";
				SWIFT_EMIT_LOC_STRINGS = YES;
				SWIFT_VERSION = 5.0;
				TARGETED_DEVICE_FAMILY = "1,2";
			};
			name = Release;
		};
/* End XCBuildConfiguration section */

/* Begin XCConfigurationList section */
		4FAB7BE1281BBD0000864EC2 /* Build configuration list for PBXProject "PathHack" */ = {
			isa = XCConfigurationList;
			buildConfigurations = (
				4FAB7BF8281BBD0100864EC2 /* Debug */,
				4FAB7BF9281BBD0100864EC2 /* Release */,
			);
			defaultConfigurationIsVisible = 0;
			defaultConfigurationName = Release;
		};
		4FAB7BFA281BBD0100864EC2 /* Build configuration list for PBXNativeTarget "PathHack" */ = {
			isa = XCConfigurationList;
			buildConfigurations = (
				4FAB7BFB281BBD0100864EC2 /* Debug */,
				4FAB7BFC281BBD0100864EC2 /* Release */,
			);
			defaultConfigurationIsVisible = 0;
			defaultConfigurationName = Release;
		};
/* End XCConfigurationList section */
	};
	rootObject = 4FAB7BDE281BBD0000864EC2 /* Project object */;
}
